{
  "originHash" : "5f1ab75dda68e0936e9906689e5bc089082f71ba0c84c20c3e4e7e62ac97af07",
  "pins" : [
    {
      "identity" : "swift-syntax",
      "kind" : "remoteSourceControl",
      "location" : "https://github.com/swiftlang/swift-syntax.git",
      "state" : {
        "revision" : "050f1a346fbbac0ca2cfb15a95274f7bd1cf0ccf"
      }
    }
  ],
  "version" : 3
}
